{
  "name": "paypal-webhook",
  "version": "1.0.0",
  "lockfileVersion": 3,
  "requires": true,
  "packages": {
    "": {
      "name": "paypal-webhook",
      "version": "1.0.0",
      "dependencies": {
        "crypto": "^1.0.1",
        "node-appwrite": "^12.0.0",
        "paypal-rest-sdk": "^1.8.1"
      }
    },
    "node_modules/@fastify/busboy": {
      "version": "2.1.1",
      "resolved": "https://registry.npmjs.org/@fastify/busboy/-/busboy-2.1.1.tgz",
      "integrity": "sha512-vBZP4NlzfOlerQTnba4aqZoMhE/a9HY7HRqoOPaETQcSQuWEIyZMHGfVu6w9wGtGK5fED5qRs2DteVCjOH60sA==",
      "license": "MIT",
      "engines": {
        "node": ">=14"
      }
    },
    "node_modules/buffer-crc32": {
      "version": "0.2.13",
      "resolved": "https://registry.npmjs.org/buffer-crc32/-/buffer-crc32-0.2.13.tgz",
      "integrity": "sha512-VO9Ht/+p3SN7SKWqcrgEzjGbRSJYTx+Q1pTQC0wrWqHx0vpJraQ6GtHx8tvcg1rlK1byhU5gccxgOgj7B0TDkQ==",
      "license": "MIT",
      "engines": {
        "node": "*"
      }
    },
    "node_modules/crypto": {
      "version": "1.0.1",
      "resolved": "https://registry.npmjs.org/crypto/-/crypto-1.0.1.tgz",
      "integrity": "sha512-VxBKmeNcqQdiUQUW2Tzq0t377b54N2bMtXO/qiLa+6eRRmmC4qT3D4OnTGoT/U6O9aklQ/jTwbOtRMTTY8G0Ig==",
      "deprecated": "This package is no longer supported. It's now a built-in Node module. If you've depended on crypto, you should switch to the one that's built-in.",
      "license": "ISC"
    },
    "node_modules/node-appwrite": {
      "version": "12.0.1",
      "resolved": "https://registry.npmjs.org/node-appwrite/-/node-appwrite-12.0.1.tgz",
      "integrity": "sha512-2YHjh6gKe5oyFG4E4bnIz7zPEU456PYE6vCJerqGEgXD5xS5B4ToFFEvtYM6Vk3Q7XSWMqXo2sQJIXkT+MSD7A==",
      "license": "BSD-3-Clause",
      "dependencies": {
        "undici": "^5.28.2"
      }
    },
    "node_modules/paypal-rest-sdk": {
      "version": "1.8.1",
      "resolved": "https://registry.npmjs.org/paypal-rest-sdk/-/paypal-rest-sdk-1.8.1.tgz",
      "integrity": "sha512-Trj2GuPn10GqpICAxQh5wjxuDT7rq7DMOkvyatz05wI5xPGmqXN7UC0WfDSF9WSBs4YdcWZP0g+nY+sOdaFggw==",
      "deprecated": "Package no longer supported. The author suggests using the @paypal/paypal-server-sdk package instead: https://www.npmjs.com/package/@paypal/paypal-server-sdk. Contact Support at https://www.npmjs.com/support for more info.",
      "license": "SEE LICENSE IN https://github.com/paypal/PayPal-node-SDK/blob/master/LICENSE",
      "dependencies": {
        "buffer-crc32": "^0.2.3",
        "semver": "^5.0.3"
      },
      "engines": {
        "node": ">= v0.6.0"
      }
    },
    "node_modules/semver": {
      "version": "5.7.2",
      "resolved": "https://registry.npmjs.org/semver/-/semver-5.7.2.tgz",
      "integrity": "sha512-cBznnQ9KjJqU67B52RMC65CMarK2600WFnbkcaiwWq3xy/5haFJlshgnpjovMVJ+Hff49d8GEn0b87C5pDQ10g==",
      "license": "ISC",
      "bin": {
        "semver": "bin/semver"
      }
    },
    "node_modules/undici": {
      "version": "5.29.0",
      "resolved": "https://registry.npmjs.org/undici/-/undici-5.29.0.tgz",
      "integrity": "sha512-raqeBD6NQK4SkWhQzeYKd1KmIG6dllBOTt55Rmkt4HtI9mwdWtJljnrXjAFUBLTSN67HWrOIZ3EPF4kjUw80Bg==",
      "license": "MIT",
      "dependencies": {
        "@fastify/busboy": "^2.0.0"
      },
      "engines": {
        "node": ">=14.0"
      }
    }
  }
}
